{
    "version": "0.5",
    "requires": [
        "zlib/1.3.1#cac0f6daea041b0ccf42934163defb20%1765284699.337",
        "pcre2/10.44#e315fa6ae66a4bf3661c7aefd2e130af%1743524589.687",
        "openssl/3.6.1#2e0be4a996c7ca91feb31b7fe65117b9%1769599203.736",
        "libxml2/2.15.2#bc72776bd9e8fa3ce9b0bfcb40d4eba7%1773404429.65",
        "libiconv/1.17#1e65319e945f2d31941a9d28cc13c058%1751451666.321",
        "bzip2/1.0.8#c470882369c2d95c5c77e970c0c7e321%1762886692.465"
    ],
    "build_requires": [
        "strawberryperl/5.32.1.1#8d114504d172cfea8ea1662d09b6333e%1751971032.423",
        "nasm/2.16.01#31e26f2ee3c4346ecd347911bd126904%1745483323.489",
        "mingw-builds/15.1.0#b4d14df3adf20b2dbfa22093b27737fe%1747130387.38",
        "make/4.3#f3747ef6e47bbd049f9f3f14a9e1d8ba%1667424325.767",
        "lzma_sdk/9.20#f1fe20056422603432563a07b25f2ee3%1684929159.374",
        "cmake/4.3.0#b939a42e98f593fb34d3a8c5cc860359%1773780142.26",
        "7zip/19.00#6c39c38a52d3e8271deb7195ccc74fe8%1712741718.982"
    ],
    "python_requires": [],
    "config_requires": []
}
